{
  "name": "test-folder",
  "lockfileVersion": 2,
  "requires": true,
  "packages": {
    "": {
      "dependencies": {
        "ak-is-prime": "^1.0.0"
      }
    },
    "node_modules/ak-is-prime": {
      "version": "1.0.0",
      "resolved": "https://registry.npmjs.org/ak-is-prime/-/ak-is-prime-1.0.0.tgz",
      "integrity": "sha512-hN/70UELzU0CQxTEN8ldhw9abEEbpmf7zxoCSB1dQZ2fzlIyzq4The3KXK4iNOxFrKophY2hjyooNgBkbvUZ2w=="
    }
  },
  "dependencies": {
    "ak-is-prime": {
      "version": "1.0.0",
      "resolved": "https://registry.npmjs.org/ak-is-prime/-/ak-is-prime-1.0.0.tgz",
      "integrity": "sha512-hN/70UELzU0CQxTEN8ldhw9abEEbpmf7zxoCSB1dQZ2fzlIyzq4The3KXK4iNOxFrKophY2hjyooNgBkbvUZ2w=="
    }
  }
}
